
Microsoft Visual Studio Solution File, Format Version 12.00
# Visual Studio Version 17
VisualStudioVersion = 17.0.32112.339
MinimumVisualStudioVersion = 10.0.40219.1
Project("{FAE04EC0-301F-11D3-BF4B-00C04F79EFBC}") = "WebApplication1", "WebApplication1\WebApplication1.csproj", "{9D1D770A-6B55-45C2-9D8C-E5C393D3A327}"
EndProject
Global
	GlobalSection(SolutionConfigurationPlatforms) = preSolution
		Debug|Any CPU = Debug|Any CPU
		Release|Any CPU = Release|Any CPU
	EndGlobalSection
	GlobalSection(ProjectConfigurationPlatforms) = postSolution
		{9D1D770A-6B55-45C2-9D8C-E5C393D3A327}.Debug|Any CPU.ActiveCfg = Debug|Any CPU
		{9D1D770A-6B55-45C2-9D8C-E5C393D3A327}.Debug|Any CPU.Build.0 = Debug|Any CPU
		{9D1D770A-6B55-45C2-9D8C-E5C393D3A327}.Release|Any CPU.ActiveCfg = Release|Any CPU
		{9D1D770A-6B55-45C2-9D8C-E5C393D3A327}.Release|Any CPU.Build.0 = Release|Any CPU
	EndGlobalSection
	GlobalSection(SolutionProperties) = preSolution
		HideSolutionNode = FALSE
	EndGlobalSection
	GlobalSection(ExtensibilityGlobals) = postSolution
		SolutionGuid = {DE8A7474-234B-4C86-9F9E-09A506A2E676}
	EndGlobalSection
EndGlobal
